<?xml version="1.0" encoding="utf-8"?>
<Project ToolsVersion="4.0" xmlns="http://schemas.microsoft.com/developer/msbuild/2003">
  <ItemGroup>
    <Filter Include="Source Files">
      <UniqueIdentifier>{e454cc44-3b90-4437-8460-22764ee534c8}</UniqueIdentifier>
      <Extensions>cpp;c;cxx;rc;def;r;odl;idl;hpj;bat</Extensions>
    </Filter>
    <Filter Include="Header Files">
      <UniqueIdentifier>{817095d3-d931-4411-923b-23121c5c1396}</UniqueIdentifier>
      <Extensions>h;hpp;hxx;hm;inl</Extensions>
    </Filter>
    <Filter Include="Resource Files">
      <UniqueIdentifier>{0d5fb306-aba8-4ca4-967b-124e1bc6cc42}</UniqueIdentifier>
      <Extensions>ico;cur;bmp;dlg;rc2;rct;bin;rgs;gif;jpg;jpeg;jpe</Extensions>
    </Filter>
    <Filter Include="Common Sources">
      <UniqueIdentifier>{a50fa58c-d43f-412e-bcb3-4ce43219a4aa}</UniqueIdentifier>
      <Extensions>*.c*;*.h*;</Extensions>
    </Filter>
  </ItemGroup>
  <ItemGroup>
    <ClCompile Include="..\..\..\common\sources\DialogUtilitiesWin.cpp">
      <Filter>Common Sources</Filter>
    </ClCompile>
    <ClCompile Include="..\..\..\common\sources\FilterBigDocument.cpp">
      <Filter>Common Sources</Filter>
    </ClCompile>
    <ClCompile Include="..\..\..\common\sources\PIDLLInstance.cpp">
      <Filter>Common Sources</Filter>
    </ClCompile>
    <ClCompile Include="..\..\..\common\sources\PIUSuites.cpp">
      <Filter>Common Sources</Filter>
    </ClCompile>
    <ClCompile Include="..\..\..\common\sources\PIUtilities.cpp">
      <Filter>Common Sources</Filter>
    </ClCompile>
    <ClCompile Include="..\..\..\common\sources\PIUtilitiesWin.cpp">
      <Filter>Common Sources</Filter>
    </ClCompile>
    <ClCompile Include="..\..\..\common\sources\Logger.cpp">
      <Filter>Common Sources</Filter>
    </ClCompile>
    <ClCompile Include="..\..\..\common\sources\Timer.cpp">
      <Filter>Common Sources</Filter>
    </ClCompile>
    <ClCompile Include="..\..\..\common\sources\PIUFile.cpp">
      <Filter>Common Sources</Filter>
    </ClCompile>
    <ClCompile Include="..\common\Face.cpp">
      <Filter>Source Files</Filter>
    </ClCompile>
    <ClCompile Include="..\common\SingletonInit.cpp">
      <Filter>Source Files</Filter>
    </ClCompile>
    <ClCompile Include="..\common\Hexaedro.cpp">
      <Filter>Source Files</Filter>
    </ClCompile>
    <ClCompile Include="..\common\DataHexaedro.cpp">
      <Filter>Source Files</Filter>
    </ClCompile>
    <ClCompile Include="..\common\HexaedroPlugin.cpp">
      <Filter>Source Files</Filter>
    </ClCompile>
    <ClCompile Include="..\common\HexaedroRegistry.cpp">
      <Filter>Source Files</Filter>
    </ClCompile>
    <ClCompile Include="..\common\HexaedroScripting.cpp">
      <Filter>Source Files</Filter>
    </ClCompile>
    <ClCompile Include="HexaedroUIWin.cpp">
      <Filter>Source Files</Filter>
    </ClCompile>
    <ClCompile Include="HexaedroLogging.cpp">
      <Filter>Source Files</Filter>
    </ClCompile>
    <ClCompile Include="MathRoutines.cpp">
      <Filter>Source Files</Filter>
    </ClCompile>
    <ClCompile Include="HexaedroFilter.cpp">
      <Filter>Source Files</Filter>
    </ClCompile>
    <ClCompile Include="HexaedroPrepareData.cpp">
      <Filter>Source Files</Filter>
    </ClCompile>
  </ItemGroup>
  <ItemGroup>
    <ClInclude Include="resource.h">
      <Filter>Header Files</Filter>
    </ClInclude>
    <ClInclude Include="..\common\Face.h">
      <Filter>Header Files</Filter>
    </ClInclude>
    <ClInclude Include="..\common\SingletonInit.h">
      <Filter>Header Files</Filter>
    </ClInclude>
    <ClInclude Include="..\common\DataHexaedro.h">
      <Filter>Header Files</Filter>
    </ClInclude>
    <ClInclude Include="..\common\Hexaedro.h">
      <Filter>Header Files</Filter>
    </ClInclude>
    <ClInclude Include="..\common\HexaedroPlugin.h">
      <Filter>Header Files</Filter>
    </ClInclude>
    <ClInclude Include="..\common\HexaedroRegistry.h">
      <Filter>Header Files</Filter>
    </ClInclude>
    <ClInclude Include="..\common\HexaedroScripting.h">
      <Filter>Header Files</Filter>
    </ClInclude>
    <ClInclude Include="..\common\HexaedroUI.h">
      <Filter>Header Files</Filter>
    </ClInclude>
    <ClInclude Include="..\common\stdafx.h">
      <Filter>Header Files</Filter>
    </ClInclude>
    <ClInclude Include="..\..\..\common\includes\def.h">
      <Filter>Header Files</Filter>
    </ClInclude>
  </ItemGroup>
  <ItemGroup>
    <ResourceCompile Include="Hexaedro.rc">
      <Filter>Resource Files</Filter>
    </ResourceCompile>
  </ItemGroup>
  <ItemGroup>
    <CustomBuild Include="..\common\Hexaedro.r">
      <Filter>Resource Files</Filter>
    </CustomBuild>
    <CustomBuild Include="..\..\..\Output\Objs\Hexaedro\Debug64\Hexaedro.rr" />
  </ItemGroup>
</Project>